
Microsoft Visual Studio Solution File, Format Version 12.00
# Visual Studio Version 17
VisualStudioVersion = 17.4.33103.184
MinimumVisualStudioVersion = 10.0.40219.1
Project("{9A19103F-16F7-4668-BE54-9A1E7A4F7556}") = "warehouse", "warehouse.csproj", "{A190AAB3-1CD3-48BF-81B8-4D9C36A24179}"
EndProject
Global
	GlobalSection(SolutionConfigurationPlatforms) = preSolution
		Debug|Any CPU = Debug|Any CPU
		Release|Any CPU = Release|Any CPU
	EndGlobalSection
	GlobalSection(ProjectConfigurationPlatforms) = postSolution
		{A190AAB3-1CD3-48BF-81B8-4D9C36A24179}.Debug|Any CPU.ActiveCfg = Debug|Any CPU
		{A190AAB3-1CD3-48BF-81B8-4D9C36A24179}.Debug|Any CPU.Build.0 = Debug|Any CPU
		{A190AAB3-1CD3-48BF-81B8-4D9C36A24179}.Release|Any CPU.ActiveCfg = Release|Any CPU
		{A190AAB3-1CD3-48BF-81B8-4D9C36A24179}.Release|Any CPU.Build.0 = Release|Any CPU
	EndGlobalSection
	GlobalSection(SolutionProperties) = preSolution
		HideSolutionNode = FALSE
	EndGlobalSection
	GlobalSection(ExtensibilityGlobals) = postSolution
		SolutionGuid = {BCEBCC0C-32B3-43A6-88A7-6D2AC8DCECAA}
	EndGlobalSection
EndGlobal
